{
  "name": "npm-tools",
  "lockfileVersion": 3,
  "requires": true,
  "packages": {
    "": {
      "dependencies": {
        "@datadog/datadog-ci": "5.13.0"
      }
    },
    "node_modules/@datadog/datadog-ci": {
      "version": "5.13.0",
      "resolved": "https://registry.npmjs.org/@datadog/datadog-ci/-/datadog-ci-5.13.0.tgz",
      "integrity": "sha512-QEooWT2OE6J//OV4gka3F8Ca8QkmVGEyKR8zpJVZ6EufJVsNSnBX2V2VE3tzkvndcKRe2/Q9ZCiL9GUiZ4wTLA==",
      "license": "Apache-2.0",
      "bin": {
        "datadog-ci": "dist/bundle.js"
      },
      "engines": {
        "node": ">=20"
      }
    }
  }
}
